// !$*UTF8*$!
{
	archiveVersion = 1;
	classes = {
	};
	objectVersion = 77;
	objects = {

/* Begin PBXContainerItemProxy section */
		41CDC1EC2D391714003B9C92 /* PBXContainerItemProxy */ = {
			isa = PBXContainerItemProxy;
			containerPortal = 41CDC1D32D391713003B9C92 /* Project object */;
			proxyType = 1;
			remoteGlobalIDString = 41CDC1DA2D391713003B9C92;
			remoteInfo = BasicGrocery;
		};
		41CDC1F62D391714003B9C92 /* PBXContainerItemProxy */ = {
			isa = PBXContainerItemProxy;
			containerPortal = 41CDC1D32D391713003B9C92 /* Project object */;
			proxyType = 1;
			remoteGlobalIDString = 41CDC1DA2D391713003B9C92;
			remoteInfo = BasicGrocery;
		};
/* End PBXContainerItemProxy section */

/* Begin PBXFileReference section */
		41CDC1DB2D391713003B9C92 /* BasicGrocery.app */ = {isa = PBXFileReference; explicitFileType = wrapper.application; includeInIndex = 0; path = BasicGrocery.app; sourceTree = BUILT_PRODUCTS_DIR; };
		41CDC1EB2D391714003B9C92 /* BasicGroceryTests.xctest */ = {isa = PBXFileReference; explicitFileType = wrapper.cfbundle; includeInIndex = 0; path = BasicGroceryTests.xctest; sourceTree = BUILT_PRODUCTS_DIR; };
		41CDC1F52D391714003B9C92 /* BasicGroceryUITests.xctest */ = {isa = PBXFileReference; explicitFileType = wrapper.cfbundle; includeInIndex = 0; path = BasicGroceryUITests.xctest; sourceTree = BUILT_PRODUCTS_DIR; };
/* End PBXFileReference section */

/* Begin PBXFileSystemSynchronizedRootGroup section */
		41CDC1DD2D391713003B9C92 /* BasicGrocery */ = {
			isa = PBXFileSystemSynchronizedRootGroup;
			path = BasicGrocery;
			sourceTree = "<group>";
		};
		41CDC1EE2D391714003B9C92 /* BasicGroceryTests */ = {
			isa = PBXFileSystemSynchronizedRootGroup;
			path = BasicGroceryTests;
			sourceTree = "<group>";
		};
		41CDC1F82D391714003B9C92 /* BasicGroceryUITests */ = {
			isa = PBXFileSystemSynchronizedRootGroup;
			path = BasicGroceryUITests;
			sourceTree = "<group>";
		};
/* End PBXFileSystemSynchronizedRootGroup section */

/* Begin PBXFrameworksBuildPhase section */
		41CDC1D82D391713003B9C92 /* Frameworks */ = {
			isa = PBXFrameworksBuildPhase;
			buildActionMask = 2147483647;
			files = (
			);
			runOnlyForDeploymentPostprocessing = 0;
		};
		41CDC1E82D391714003B9C92 /* Frameworks */ = {
			isa = PBXFrameworksBuildPhase;
			buildActionMask = 2147483647;
			files = (
			);
			runOnlyForDeploymentPostprocessing = 0;
		};
		41CDC1F22D391714003B9C92 /* Frameworks */ = {
			isa = PBXFrameworksBuildPhase;
			buildActionMask = 2147483647;
			files = (
			);
			runOnlyForDeploymentPostprocessing = 0;
		};
/* End PBXFrameworksBuildPhase section */

/* Begin PBXGroup section */
		41CDC1D22D391713003B9C92 = {
			isa = PBXGroup;
			children = (
				41CDC1DD2D391713003B9C92 /* BasicGrocery */,
				41CDC1EE2D391714003B9C92 /* BasicGroceryTests */,
				41CDC1F82D391714003B9C92 /* BasicGroceryUITests */,
				41CDC1DC2D391713003B9C92 /* Products */,
			);
			sourceTree = "<group>";
		};
		41CDC1DC2D391713003B9C92 /* Products */ = {
			isa = PBXGroup;
			children = (
				41CDC1DB2D391713003B9C92 /* BasicGrocery.app */,
				41CDC1EB2D391714003B9C92 /* BasicGroceryTests.xctest */,
				41CDC1F52D391714003B9C92 /* BasicGroceryUITests.xctest */,
			);
			name = Products;
			sourceTree = "<group>";
		};
/* End PBXGroup section */

/* Begin PBXNativeTarget section */
		41CDC1DA2D391713003B9C92 /* BasicGrocery */ = {
			isa = PBXNativeTarget;
			buildConfigurationList = 41CDC1FF2D391714003B9C92 /* Build configuration list for PBXNativeTarget "BasicGrocery" */;
			buildPhases = (
				41CDC1D72D391713003B9C92 /* Sources */,
				41CDC1D82D391713003B9C92 /* Frameworks */,
				41CDC1D92D391713003B9C92 /* Resources */,
			);
			buildRules = (
			);
			dependencies = (
			);
			fileSystemSynchronizedGroups = (
				41CDC1DD2D391713003B9C92 /* BasicGrocery */,
			);
			name = BasicGrocery;
			packageProductDependencies = (
			);
			productName = BasicGrocery;
			productReference = 41CDC1DB2D391713003B9C92 /* BasicGrocery.app */;
			productType = "com.apple.product-type.application";
		};
		41CDC1EA2D391714003B9C92 /* BasicGroceryTests */ = {
			isa = PBXNativeTarget;
			buildConfigurationList = 41CDC2022D391714003B9C92 /* Build configuration list for PBXNativeTarget "BasicGroceryTests" */;
			buildPhases = (
				41CDC1E72D391714003B9C92 /* Sources */,
				41CDC1E82D391714003B9C92 /* Frameworks */,
				41CDC1E92D391714003B9C92 /* Resources */,
			);
			buildRules = (
			);
			dependencies = (
				41CDC1ED2D391714003B9C92 /* PBXTargetDependency */,
			);
			fileSystemSynchronizedGroups = (
				41CDC1EE2D391714003B9C92 /* BasicGroceryTests */,
			);
			name = BasicGroceryTests;
			packageProductDependencies = (
			);
			productName = BasicGroceryTests;
			productReference = 41CDC1EB2D391714003B9C92 /* BasicGroceryTests.xctest */;
			productType = "com.apple.product-type.bundle.unit-test";
		};
		41CDC1F42D391714003B9C92 /* BasicGroceryUITests */ = {
			isa = PBXNativeTarget;
			buildConfigurationList = 41CDC2052D391714003B9C92 /* Build configuration list for PBXNativeTarget "BasicGroceryUITests" */;
			buildPhases = (
				41CDC1F12D391714003B9C92 /* Sources */,
				41CDC1F22D391714003B9C92 /* Frameworks */,
				41CDC1F32D391714003B9C92 /* Resources */,
			);
			buildRules = (
			);
			dependencies = (
				41CDC1F72D391714003B9C92 /* PBXTargetDependency */,
			);
			fileSystemSynchronizedGroups = (
				41CDC1F82D391714003B9C92 /* BasicGroceryUITests */,
			);
			name = BasicGroceryUITests;
			packageProductDependencies = (
			);
			productName = BasicGroceryUITests;
			productReference = 41CDC1F52D391714003B9C92 /* BasicGroceryUITests.xctest */;
			productType = "com.apple.product-type.bundle.ui-testing";
		};
/* End PBXNativeTarget section */

/* Begin PBXProject section */
		41CDC1D32D391713003B9C92 /* Project object */ = {
			isa = PBXProject;
			attributes = {
				BuildIndependentTargetsInParallel = 1;
				LastSwiftUpdateCheck = 1600;
				LastUpgradeCheck = 1600;
				TargetAttributes = {
					41CDC1DA2D391713003B9C92 = {
						CreatedOnToolsVersion = 16.0;
					};
					41CDC1EA2D391714003B9C92 = {
						CreatedOnToolsVersion = 16.0;
						TestTargetID = 41CDC1DA2D391713003B9C92;
					};
					41CDC1F42D391714003B9C92 = {
						CreatedOnToolsVersion = 16.0;
						TestTargetID = 41CDC1DA2D391713003B9C92;
					};
				};
			};
			buildConfigurationList = 41CDC1D62D391713003B9C92 /* Build configuration list for PBXProject "BasicGrocery" */;
			developmentRegion = en;
			hasScannedForEncodings = 0;
			knownRegions = (
				en,
				Base,
			);
			mainGroup = 41CDC1D22D391713003B9C92;
			minimizedProjectReferenceProxies = 1;
			preferredProjectObjectVersion = 77;
			productRefGroup = 41CDC1DC2D391713003B9C92 /* Products */;
			projectDirPath = "";
			projectRoot = "";
			targets = (
				41CDC1DA2D391713003B9C92 /* BasicGrocery */,
				41CDC1EA2D391714003B9C92 /* BasicGroceryTests */,
				41CDC1F42D391714003B9C92 /* BasicGroceryUITests */,
			);
		};
/* End PBXProject section */

/* Begin PBXResourcesBuildPhase section */
		41CDC1D92D391713003B9C92 /* Resources */ = {
			isa = PBXResourcesBuildPhase;
			buildActionMask = 2147483647;
			files = (
			);
			runOnlyForDeploymentPostprocessing = 0;
		};
		41CDC1E92D391714003B9C92 /* Resources */ = {
			isa = PBXResourcesBuildPhase;
			buildActionMask = 2147483647;
			files = (
			);
			runOnlyForDeploymentPostprocessing = 0;
		};
		41CDC1F32D391714003B9C92 /* Resources */ = {
			isa = PBXResourcesBuildPhase;
			buildActionMask = 2147483647;
			files = (
			);
			runOnlyForDeploymentPostprocessing = 0;
		};
/* End PBXResourcesBuildPhase section */

/* Begin PBXSourcesBuildPhase section */
		41CDC1D72D391713003B9C92 /* Sources */ = {
			isa = PBXSourcesBuildPhase;
			buildActionMask = 2147483647;
			files = (
			);
			runOnlyForDeploymentPostprocessing = 0;
		};
		41CDC1E72D391714003B9C92 /* Sources */ = {
			isa = PBXSourcesBuildPhase;
			buildActionMask = 2147483647;
			files = (
			);
			runOnlyForDeploymentPostprocessing = 0;
		};
		41CDC1F12D391714003B9C92 /* Sources */ = {
			isa = PBXSourcesBuildPhase;
			buildActionMask = 2147483647;
			files = (
			);
			runOnlyForDeploymentPostprocessing = 0;
		};
/* End PBXSourcesBuildPhase section */

/* Begin PBXTargetDependency section */
		41CDC1ED2D391714003B9C92 /* PBXTargetDependency */ = {
			isa = PBXTargetDependency;
			target = 41CDC1DA2D391713003B9C92 /* BasicGrocery */;
			targetProxy = 41CDC1EC2D391714003B9C92 /* PBXContainerItemProxy */;
		};
		41CDC1F72D391714003B9C92 /* PBXTargetDependency */ = {
			isa = PBXTargetDependency;
			target = 41CDC1DA2D391713003B9C92 /* BasicGrocery */;
			targetProxy = 41CDC1F62D391714003B9C92 /* PBXContainerItemProxy */;
		};
/* End PBXTargetDependency section */

/* Begin XCBuildConfiguration section */
		41CDC1FD2D391714003B9C92 /* Debug */ = {
			isa = XCBuildConfiguration;
			buildSettings = {
				ALWAYS_SEARCH_USER_PATHS = NO;
				ASSETCATALOG_COMPILER_GENERATE_SWIFT_ASSET_SYMBOL_EXTENSIONS = YES;
				CLANG_ANALYZER_NONNULL = YES;
				CLANG_ANALYZER_NUMBER_OBJECT_CONVERSION = YES_AGGRESSIVE;
				CLANG_CXX_LANGUAGE_STANDARD = "gnu++20";
				CLANG_ENABLE_MODULES = YES;
				CLANG_ENABLE_OBJC_ARC = YES;
				CLANG_ENABLE_OBJC_WEAK = YES;
				CLANG_WARN_BLOCK_CAPTURE_AUTORELEASING = YES;
				CLANG_WARN_BOOL_CONVERSION = YES;
				CLANG_WARN_COMMA = YES;
				CLANG_WARN_CONSTANT_CONVERSION = YES;
				CLANG_WARN_DEPRECATED_OBJC_IMPLEMENTATIONS = YES;
				CLANG_WARN_DIRECT_OBJC_ISA_USAGE = YES_ERROR;
				CLANG_WARN_DOCUMENTATION_COMMENTS = YES;
				CLANG_WARN_EMPTY_BODY = YES;
				CLANG_WARN_ENUM_CONVERSION = YES;
				CLANG_WARN_INFINITE_RECURSION = YES;
				CLANG_WARN_INT_CONVERSION = YES;
				CLANG_WARN_NON_LITERAL_NULL_CONVERSION = YES;
				CLANG_WARN_OBJC_IMPLICIT_RETAIN_SELF = YES;
				CLANG_WARN_OBJC_LITERAL_CONVERSION = YES;
				CLANG_WARN_OBJC_ROOT_CLASS = YES_ERROR;
				CLANG_WARN_QUOTED_INCLUDE_IN_FRAMEWORK_HEADER = YES;
				CLANG_WARN_RANGE_LOOP_ANALYSIS = YES;
				CLANG_WARN_STRICT_PROTOTYPES = YES;
				CLANG_WARN_SUSPICIOUS_MOVE = YES;
				CLANG_WARN_UNGUARDED_AVAILABILITY = YES_AGGRESSIVE;
				CLANG_WARN_UNREACHABLE_CODE = YES;
				CLANG_WARN__DUPLICATE_METHOD_MATCH = YES;
				COPY_PHASE_STRIP = NO;
				DEBUG_INFORMATION_FORMAT = dwarf;
				ENABLE_STRICT_OBJC_MSGSEND = YES;
				ENABLE_TESTABILITY = YES;
				ENABLE_USER_SCRIPT_SANDBOXING = YES;
				GCC_C_LANGUAGE_STANDARD = gnu17;
				GCC_DYNAMIC_NO_PIC = NO;
				GCC_NO_COMMON_BLOCKS = YES;
				GCC_OPTIMIZATION_LEVEL = 0;
				GCC_PREPROCESSOR_DEFINITIONS = (
					"DEBUG=1",
					"$(inherited)",
				);
				GCC_WARN_64_TO_32_BIT_CONVERSION = YES;
				GCC_WARN_ABOUT_RETURN_TYPE = YES_ERROR;
				GCC_WARN_UNDECLARED_SELECTOR = YES;
				GCC_WARN_UNINITIALIZED_AUTOS = YES_AGGRESSIVE;
				GCC_WARN_UNUSED_FUNCTION = YES;
				GCC_WARN_UNUSED_VARIABLE = YES;
				IPHONEOS_DEPLOYMENT_TARGET = 18.0;
				LOCALIZATION_PREFERS_STRING_CATALOGS = YES;
				MTL_ENABLE_DEBUG_INFO = INCLUDE_SOURCE;
				MTL_FAST_MATH = YES;
				ONLY_ACTIVE_ARCH = YES;
				SDKROOT = iphoneos;
				SWIFT_ACTIVE_COMPILATION_CONDITIONS = "DEBUG $(inherited)";
				SWIFT_OPTIMIZATION_LEVEL = "-Onone";
			};
			name = Debug;
		};
		41CDC1FE2D391714003B9C92 /* Release */ = {
			isa = XCBuildConfiguration;
			buildSettings = {
				ALWAYS_SEARCH_USER_PATHS = NO;
				ASSETCATALOG_COMPILER_GENERATE_SWIFT_ASSET_SYMBOL_EXTENSIONS = YES;
				CLANG_ANALYZER_NONNULL = YES;
				CLANG_ANALYZER_NUMBER_OBJECT_CONVERSION = YES_AGGRESSIVE;
				CLANG_CXX_LANGUAGE_STANDARD = "gnu++20";
				CLANG_ENABLE_MODULES = YES;
				CLANG_ENABLE_OBJC_ARC = YES;
				CLANG_ENABLE_OBJC_WEAK = YES;
				CLANG_WARN_BLOCK_CAPTURE_AUTORELEASING = YES;
				CLANG_WARN_BOOL_CONVERSION = YES;
				CLANG_WARN_COMMA = YES;
				CLANG_WARN_CONSTANT_CONVERSION = YES;
				CLANG_WARN_DEPRECATED_OBJC_IMPLEMENTATIONS = YES;
				CLANG_WARN_DIRECT_OBJC_ISA_USAGE = YES_ERROR;
				CLANG_WARN_DOCUMENTATION_COMMENTS = YES;
				CLANG_WARN_EMPTY_BODY = YES;
				CLANG_WARN_ENUM_CONVERSION = YES;
				CLANG_WARN_INFINITE_RECURSION = YES;
				CLANG_WARN_INT_CONVERSION = YES;
				CLANG_WARN_NON_LITERAL_NULL_CONVERSION = YES;
				CLANG_WARN_OBJC_IMPLICIT_RETAIN_SELF = YES;
				CLANG_WARN_OBJC_LITERAL_CONVERSION = YES;
				CLANG_WARN_OBJC_ROOT_CLASS = YES_ERROR;
				CLANG_WARN_QUOTED_INCLUDE_IN_FRAMEWORK_HEADER = YES;
				CLANG_WARN_RANGE_LOOP_ANALYSIS = YES;
				CLANG_WARN_STRICT_PROTOTYPES = YES;
				CLANG_WARN_SUSPICIOUS_MOVE = YES;
				CLANG_WARN_UNGUARDED_AVAILABILITY = YES_AGGRESSIVE;
				CLANG_WARN_UNREACHABLE_CODE = YES;
				CLANG_WARN__DUPLICATE_METHOD_MATCH = YES;
				COPY_PHASE_STRIP = NO;
				DEBUG_INFORMATION_FORMAT = "dwarf-with-dsym";
				ENABLE_NS_ASSERTIONS = NO;
				ENABLE_STRICT_OBJC_MSGSEND = YES;
				ENABLE_USER_SCRIPT_SANDBOXING = YES;
				GCC_C_LANGUAGE_STANDARD = gnu17;
				GCC_NO_COMMON_BLOCKS = YES;
				GCC_WARN_64_TO_32_BIT_CONVERSION = YES;
				GCC_WARN_ABOUT_RETURN_TYPE = YES_ERROR;
				GCC_WARN_UNDECLARED_SELECTOR = YES;
				GCC_WARN_UNINITIALIZED_AUTOS = YES_AGGRESSIVE;
				GCC_WARN_UNUSED_FUNCTION = YES;
				GCC_WARN_UNUSED_VARIABLE = YES;
				IPHONEOS_DEPLOYMENT_TARGET = 18.0;
				LOCALIZATION_PREFERS_STRING_CATALOGS = YES;
				MTL_ENABLE_DEBUG_INFO = NO;
				MTL_FAST_MATH = YES;
				SDKROOT = iphoneos;
				SWIFT_COMPILATION_MODE = wholemodule;
				VALIDATE_PRODUCT = YES;
			};
			name = Release;
		};
		41CDC2002D391714003B9C92 /* Debug */ = {
			isa = XCBuildConfiguration;
			buildSettings = {
				ASSETCATALOG_COMPILER_APPICON_NAME = AppIcon;
				ASSETCATALOG_COMPILER_GLOBAL_ACCENT_COLOR_NAME = AccentColor;
				CODE_SIGN_STYLE = Automatic;
				CURRENT_PROJECT_VERSION = 1;
				DEVELOPMENT_ASSET_PATHS = "\"BasicGrocery/Preview Content\"";
				ENABLE_PREVIEWS = YES;
				GENERATE_INFOPLIST_FILE = YES;
				INFOPLIST_KEY_UIApplicationSceneManifest_Generation = YES;
				INFOPLIST_KEY_UIApplicationSupportsIndirectInputEvents = YES;
				INFOPLIST_KEY_UILaunchScreen_Generation = YES;
				INFOPLIST_KEY_UISupportedInterfaceOrientations_iPad = "UIInterfaceOrientationPortrait UIInterfaceOrientationPortraitUpsideDown UIInterfaceOrientationLandscapeLeft UIInterfaceOrientationLandscapeRight";
				INFOPLIST_KEY_UISupportedInterfaceOrientations_iPhone = "UIInterfaceOrientationPortrait UIInterfaceOrientationLandscapeLeft UIInterfaceOrientationLandscapeRight";
				LD_RUNPATH_SEARCH_PATHS = (
					"$(inherited)",
					"@executable_path/Frameworks",
				);
				MARKETING_VERSION = 1.0;
				PRODUCT_BUNDLE_IDENTIFIER = com.example.lalit.BasicGrocery;
				PRODUCT_NAME = "$(TARGET_NAME)";
				SWIFT_EMIT_LOC_STRINGS = YES;
				SWIFT_VERSION = 5.0;
				TARGETED_DEVICE_FAMILY = "1,2";
			};
			name = Debug;
		};
		41CDC2012D391714003B9C92 /* Release */ = {
			isa = XCBuildConfiguration;
			buildSettings = {
				ASSETCATALOG_COMPILER_APPICON_NAME = AppIcon;
				ASSETCATALOG_COMPILER_GLOBAL_ACCENT_COLOR_NAME = AccentColor;
				CODE_SIGN_STYLE = Automatic;
				CURRENT_PROJECT_VERSION = 1;
				DEVELOPMENT_ASSET_PATHS = "\"BasicGrocery/Preview Content\"";
				ENABLE_PREVIEWS = YES;
				GENERATE_INFOPLIST_FILE = YES;
				INFOPLIST_KEY_UIApplicationSceneManifest_Generation = YES;
				INFOPLIST_KEY_UIApplicationSupportsIndirectInputEvents = YES;
				INFOPLIST_KEY_UILaunchScreen_Generation = YES;
				INFOPLIST_KEY_UISupportedInterfaceOrientations_iPad = "UIInterfaceOrientationPortrait UIInterfaceOrientationPortraitUpsideDown UIInterfaceOrientationLandscapeLeft UIInterfaceOrientationLandscapeRight";
				INFOPLIST_KEY_UISupportedInterfaceOrientations_iPhone = "UIInterfaceOrientationPortrait UIInterfaceOrientationLandscapeLeft UIInterfaceOrientationLandscapeRight";
				LD_RUNPATH_SEARCH_PATHS = (
					"$(inherited)",
					"@executable_path/Frameworks",
				);
				MARKETING_VERSION = 1.0;
				PRODUCT_BUNDLE_IDENTIFIER = com.example.lalit.BasicGrocery;
				PRODUCT_NAME = "$(TARGET_NAME)";
				SWIFT_EMIT_LOC_STRINGS = YES;
				SWIFT_VERSION = 5.0;
				TARGETED_DEVICE_FAMILY = "1,2";
			};
			name = Release;
		};
		41CDC2032D391714003B9C92 /* Debug */ = {
			isa = XCBuildConfiguration;
			buildSettings = {
				BUNDLE_LOADER = "$(TEST_HOST)";
				CODE_SIGN_STYLE = Automatic;
				CURRENT_PROJECT_VERSION = 1;
				GENERATE_INFOPLIST_FILE = YES;
				IPHONEOS_DEPLOYMENT_TARGET = 18.0;
				MARKETING_VERSION = 1.0;
				PRODUCT_BUNDLE_IDENTIFIER = com.example.lalit.BasicGroceryTests;
				PRODUCT_NAME = "$(TARGET_NAME)";
				SWIFT_EMIT_LOC_STRINGS = NO;
				SWIFT_VERSION = 5.0;
				TARGETED_DEVICE_FAMILY = "1,2";
				TEST_HOST = "$(BUILT_PRODUCTS_DIR)/BasicGrocery.app/$(BUNDLE_EXECUTABLE_FOLDER_PATH)/BasicGrocery";
			};
			name = Debug;
		};
		41CDC2042D391714003B9C92 /* Release */ = {
			isa = XCBuildConfiguration;
			buildSettings = {
				BUNDLE_LOADER = "$(TEST_HOST)";
				CODE_SIGN_STYLE = Automatic;
				CURRENT_PROJECT_VERSION = 1;
				GENERATE_INFOPLIST_FILE = YES;
				IPHONEOS_DEPLOYMENT_TARGET = 18.0;
				MARKETING_VERSION = 1.0;
				PRODUCT_BUNDLE_IDENTIFIER = com.example.lalit.BasicGroceryTests;
				PRODUCT_NAME = "$(TARGET_NAME)";
				SWIFT_EMIT_LOC_STRINGS = NO;
				SWIFT_VERSION = 5.0;
				TARGETED_DEVICE_FAMILY = "1,2";
				TEST_HOST = "$(BUILT_PRODUCTS_DIR)/BasicGrocery.app/$(BUNDLE_EXECUTABLE_FOLDER_PATH)/BasicGrocery";
			};
			name = Release;
		};
		41CDC2062D391714003B9C92 /* Debug */ = {
			isa = XCBuildConfiguration;
			buildSettings = {
				CODE_SIGN_STYLE = Automatic;
				CURRENT_PROJECT_VERSION = 1;
				GENERATE_INFOPLIST_FILE = YES;
				MARKETING_VERSION = 1.0;
				PRODUCT_BUNDLE_IDENTIFIER = com.example.lalit.BasicGroceryUITests;
				PRODUCT_NAME = "$(TARGET_NAME)";
				SWIFT_EMIT_LOC_STRINGS = NO;
				SWIFT_VERSION = 5.0;
				TARGETED_DEVICE_FAMILY = "1,2";
				TEST_TARGET_NAME = BasicGrocery;
			};
			name = Debug;
		};
		41CDC2072D391714003B9C92 /* Release */ = {
			isa = XCBuildConfiguration;
			buildSettings = {
				CODE_SIGN_STYLE = Automatic;
				CURRENT_PROJECT_VERSION = 1;
				GENERATE_INFOPLIST_FILE = YES;
				MARKETING_VERSION = 1.0;
				PRODUCT_BUNDLE_IDENTIFIER = com.example.lalit.BasicGroceryUITests;
				PRODUCT_NAME = "$(TARGET_NAME)";
				SWIFT_EMIT_LOC_STRINGS = NO;
				SWIFT_VERSION = 5.0;
				TARGETED_DEVICE_FAMILY = "1,2";
				TEST_TARGET_NAME = BasicGrocery;
			};
			name = Release;
		};
/* End XCBuildConfiguration section */

/* Begin XCConfigurationList section */
		41CDC1D62D391713003B9C92 /* Build configuration list for PBXProject "BasicGrocery" */ = {
			isa = XCConfigurationList;
			buildConfigurations = (
				41CDC1FD2D391714003B9C92 /* Debug */,
				41CDC1FE2D391714003B9C92 /* Release */,
			);
			defaultConfigurationIsVisible = 0;
			defaultConfigurationName = Release;
		};
		41CDC1FF2D391714003B9C92 /* Build configuration list for PBXNativeTarget "BasicGrocery" */ = {
			isa = XCConfigurationList;
			buildConfigurations = (
				41CDC2002D391714003B9C92 /* Debug */,
				41CDC2012D391714003B9C92 /* Release */,
			);
			defaultConfigurationIsVisible = 0;
			defaultConfigurationName = Release;
		};
		41CDC2022D391714003B9C92 /* Build configuration list for PBXNativeTarget "BasicGroceryTests" */ = {
			isa = XCConfigurationList;
			buildConfigurations = (
				41CDC2032D391714003B9C92 /* Debug */,
				41CDC2042D391714003B9C92 /* Release */,
			);
			defaultConfigurationIsVisible = 0;
			defaultConfigurationName = Release;
		};
		41CDC2052D391714003B9C92 /* Build configuration list for PBXNativeTarget "BasicGroceryUITests" */ = {
			isa = XCConfigurationList;
			buildConfigurations = (
				41CDC2062D391714003B9C92 /* Debug */,
				41CDC2072D391714003B9C92 /* Release */,
			);
			defaultConfigurationIsVisible = 0;
			defaultConfigurationName = Release;
		};
/* End XCConfigurationList section */
	};
	rootObject = 41CDC1D32D391713003B9C92 /* Project object */;
}
